
Microsoft Visual Studio Solution File, Format Version 12.00
# Visual Studio 2012
Project("{FAE04EC0-301F-11D3-BF4B-00C04F79EFBC}") = "PlotterTestApp", "PlotterWritterDLLTester\PlotterTestApp.csproj", "{EB9C94B9-91B4-4F66-9763-6CE637901145}"
	ProjectSection(ProjectDependencies) = postProject
		{606EA845-63E8-46A1-9127-02BE14C14524} = {606EA845-63E8-46A1-9127-02BE14C14524}
	EndProjectSection
EndProject
Project("{FAE04EC0-301F-11D3-BF4B-00C04F79EFBC}") = "PlotterBuffer", "PlotterBuffer\PlotterBuffer.csproj", "{606EA845-63E8-46A1-9127-02BE14C14524}"
EndProject
Project("{8BC9CEB8-8B4A-11D0-8D11-00A0C91BC942}") = "PlotterDriver", "PlotterDriver\PlotterDriver.vcxproj", "{3E41ED97-18E4-4A89-A451-92EA79F7C49F}"
EndProject
Global
	GlobalSection(SolutionConfigurationPlatforms) = preSolution
		Debug|Any CPU = Debug|Any CPU
		Debug|Mixed Platforms = Debug|Mixed Platforms
		Debug|Win32 = Debug|Win32
		Debug|x86 = Debug|x86
		Release|Any CPU = Release|Any CPU
		Release|Mixed Platforms = Release|Mixed Platforms
		Release|Win32 = Release|Win32
		Release|x86 = Release|x86
	EndGlobalSection
	GlobalSection(ProjectConfigurationPlatforms) = postSolution
		{EB9C94B9-91B4-4F66-9763-6CE637901145}.Debug|Any CPU.ActiveCfg = Debug|x86
		{EB9C94B9-91B4-4F66-9763-6CE637901145}.Debug|Mixed Platforms.ActiveCfg = Debug|x86
		{EB9C94B9-91B4-4F66-9763-6CE637901145}.Debug|Mixed Platforms.Build.0 = Debug|x86
		{EB9C94B9-91B4-4F66-9763-6CE637901145}.Debug|Win32.ActiveCfg = Debug|x86
		{EB9C94B9-91B4-4F66-9763-6CE637901145}.Debug|Win32.Build.0 = Debug|x86
		{EB9C94B9-91B4-4F66-9763-6CE637901145}.Debug|x86.ActiveCfg = Debug|x86
		{EB9C94B9-91B4-4F66-9763-6CE637901145}.Debug|x86.Build.0 = Debug|x86
		{EB9C94B9-91B4-4F66-9763-6CE637901145}.Release|Any CPU.ActiveCfg = Release|x86
		{EB9C94B9-91B4-4F66-9763-6CE637901145}.Release|Mixed Platforms.ActiveCfg = Release|x86
		{EB9C94B9-91B4-4F66-9763-6CE637901145}.Release|Mixed Platforms.Build.0 = Release|x86
		{EB9C94B9-91B4-4F66-9763-6CE637901145}.Release|Win32.ActiveCfg = Release|x86
		{EB9C94B9-91B4-4F66-9763-6CE637901145}.Release|Win32.Build.0 = Release|x86
		{EB9C94B9-91B4-4F66-9763-6CE637901145}.Release|x86.ActiveCfg = Release|x86
		{EB9C94B9-91B4-4F66-9763-6CE637901145}.Release|x86.Build.0 = Release|x86
		{606EA845-63E8-46A1-9127-02BE14C14524}.Debug|Any CPU.ActiveCfg = Debug|Any CPU
		{606EA845-63E8-46A1-9127-02BE14C14524}.Debug|Any CPU.Build.0 = Debug|Any CPU
		{606EA845-63E8-46A1-9127-02BE14C14524}.Debug|Mixed Platforms.ActiveCfg = Debug|Any CPU
		{606EA845-63E8-46A1-9127-02BE14C14524}.Debug|Mixed Platforms.Build.0 = Debug|Any CPU
		{606EA845-63E8-46A1-9127-02BE14C14524}.Debug|Win32.ActiveCfg = Debug|Any CPU
		{606EA845-63E8-46A1-9127-02BE14C14524}.Debug|Win32.Build.0 = Debug|Any CPU
		{606EA845-63E8-46A1-9127-02BE14C14524}.Debug|x86.ActiveCfg = Debug|Any CPU
		{606EA845-63E8-46A1-9127-02BE14C14524}.Debug|x86.Build.0 = Debug|Any CPU
		{606EA845-63E8-46A1-9127-02BE14C14524}.Release|Any CPU.ActiveCfg = Release|Any CPU
		{606EA845-63E8-46A1-9127-02BE14C14524}.Release|Any CPU.Build.0 = Release|Any CPU
		{606EA845-63E8-46A1-9127-02BE14C14524}.Release|Mixed Platforms.ActiveCfg = Release|Any CPU
		{606EA845-63E8-46A1-9127-02BE14C14524}.Release|Mixed Platforms.Build.0 = Release|Any CPU
		{606EA845-63E8-46A1-9127-02BE14C14524}.Release|Win32.ActiveCfg = Release|Any CPU
		{606EA845-63E8-46A1-9127-02BE14C14524}.Release|Win32.Build.0 = Release|Any CPU
		{606EA845-63E8-46A1-9127-02BE14C14524}.Release|x86.ActiveCfg = Release|Any CPU
		{606EA845-63E8-46A1-9127-02BE14C14524}.Release|x86.Build.0 = Release|Any CPU
		{3E41ED97-18E4-4A89-A451-92EA79F7C49F}.Debug|Any CPU.ActiveCfg = Debug|Win32
		{3E41ED97-18E4-4A89-A451-92EA79F7C49F}.Debug|Mixed Platforms.ActiveCfg = Debug|Win32
		{3E41ED97-18E4-4A89-A451-92EA79F7C49F}.Debug|Mixed Platforms.Build.0 = Debug|Win32
		{3E41ED97-18E4-4A89-A451-92EA79F7C49F}.Debug|Win32.ActiveCfg = Debug|Win32
		{3E41ED97-18E4-4A89-A451-92EA79F7C49F}.Debug|Win32.Build.0 = Debug|Win32
		{3E41ED97-18E4-4A89-A451-92EA79F7C49F}.Debug|x86.ActiveCfg = Debug|Win32
		{3E41ED97-18E4-4A89-A451-92EA79F7C49F}.Debug|x86.Build.0 = Debug|Win32
		{3E41ED97-18E4-4A89-A451-92EA79F7C49F}.Release|Any CPU.ActiveCfg = Release|Win32
		{3E41ED97-18E4-4A89-A451-92EA79F7C49F}.Release|Mixed Platforms.ActiveCfg = Release|Win32
		{3E41ED97-18E4-4A89-A451-92EA79F7C49F}.Release|Mixed Platforms.Build.0 = Release|Win32
		{3E41ED97-18E4-4A89-A451-92EA79F7C49F}.Release|Win32.ActiveCfg = Release|Win32
		{3E41ED97-18E4-4A89-A451-92EA79F7C49F}.Release|Win32.Build.0 = Release|Win32
		{3E41ED97-18E4-4A89-A451-92EA79F7C49F}.Release|x86.ActiveCfg = Release|Win32
		{3E41ED97-18E4-4A89-A451-92EA79F7C49F}.Release|x86.Build.0 = Release|Win32
	EndGlobalSection
	GlobalSection(SolutionProperties) = preSolution
		HideSolutionNode = FALSE
	EndGlobalSection
EndGlobal
